{
  "name": "phoptics",
  "version": "0.7.0",
  "lockfileVersion": 3,
  "requires": true,
  "packages": {
    "": {
      "name": "phoptics",
      "version": "0.7.0",
      "license": "MIT",
      "devDependencies": {
        "phoptics-deflate": "^0.9.8"
      }
    },
    "node_modules/phoptics-deflate": {
      "version": "0.9.8",
      "resolved": "https://registry.npmjs.org/phoptics-deflate/-/phoptics-deflate-0.9.8.tgz",
      "integrity": "sha512-nuEJBtiRSLaEZpGcYl8DvTt1CxRFmdxFWdbm3X1IE5XHkhffE11o9WQLze+geO/6tjpuX6M3+391ZBcczZ7xAw==",
      "dev": true
    }
  }
}
